
Microsoft Visual Studio Solution File, Format Version 12.00
# Visual Studio 2013
VisualStudioVersion = 12.0.21005.1
MinimumVisualStudioVersion = 10.0.40219.1
Project("{FAE04EC0-301F-11D3-BF4B-00C04F79EFBC}") = "GifControl", "GifControl\GifControl.csproj", "{4841992C-09E3-4723-927F-01F27C62E675}"
EndProject
Project("{FAE04EC0-301F-11D3-BF4B-00C04F79EFBC}") = "GifControl.Web", "GifControl.Web\GifControl.Web.csproj", "{AFAF632E-DC99-42CB-A03F-45740C7EFB30}"
EndProject
Global
	GlobalSection(SolutionConfigurationPlatforms) = preSolution
		Debug|Any CPU = Debug|Any CPU
		Release|Any CPU = Release|Any CPU
	EndGlobalSection
	GlobalSection(ProjectConfigurationPlatforms) = postSolution
		{4841992C-09E3-4723-927F-01F27C62E675}.Debug|Any CPU.ActiveCfg = Debug|Any CPU
		{4841992C-09E3-4723-927F-01F27C62E675}.Debug|Any CPU.Build.0 = Debug|Any CPU
		{4841992C-09E3-4723-927F-01F27C62E675}.Release|Any CPU.ActiveCfg = Release|Any CPU
		{4841992C-09E3-4723-927F-01F27C62E675}.Release|Any CPU.Build.0 = Release|Any CPU
		{AFAF632E-DC99-42CB-A03F-45740C7EFB30}.Debug|Any CPU.ActiveCfg = Debug|Any CPU
		{AFAF632E-DC99-42CB-A03F-45740C7EFB30}.Debug|Any CPU.Build.0 = Debug|Any CPU
		{AFAF632E-DC99-42CB-A03F-45740C7EFB30}.Release|Any CPU.ActiveCfg = Release|Any CPU
		{AFAF632E-DC99-42CB-A03F-45740C7EFB30}.Release|Any CPU.Build.0 = Release|Any CPU
	EndGlobalSection
	GlobalSection(SolutionProperties) = preSolution
		HideSolutionNode = FALSE
	EndGlobalSection
EndGlobal
